
Microsoft Visual Studio Solution File, Format Version 12.00
# Visual Studio Version 17
VisualStudioVersion = 17.13.35931.197 d17.13
MinimumVisualStudioVersion = 10.0.40219.1
Project("{FAE04EC0-301F-11D3-BF4B-00C04F79EFBC}") = "Kutuphane", "Kutuphane\Kutuphane.csproj", "{F6C35C6D-FD12-495A-B7DF-B990285C3E92}"
EndProject
Global
	GlobalSection(SolutionConfigurationPlatforms) = preSolution
		Debug|Any CPU = Debug|Any CPU
		Release|Any CPU = Release|Any CPU
	EndGlobalSection
	GlobalSection(ProjectConfigurationPlatforms) = postSolution
		{F6C35C6D-FD12-495A-B7DF-B990285C3E92}.Debug|Any CPU.ActiveCfg = Debug|Any CPU
		{F6C35C6D-FD12-495A-B7DF-B990285C3E92}.Debug|Any CPU.Build.0 = Debug|Any CPU
		{F6C35C6D-FD12-495A-B7DF-B990285C3E92}.Release|Any CPU.ActiveCfg = Release|Any CPU
		{F6C35C6D-FD12-495A-B7DF-B990285C3E92}.Release|Any CPU.Build.0 = Release|Any CPU
	EndGlobalSection
	GlobalSection(SolutionProperties) = preSolution
		HideSolutionNode = FALSE
	EndGlobalSection
	GlobalSection(ExtensibilityGlobals) = postSolution
		SolutionGuid = {11A912DA-D886-4B5C-931E-28E86AFF5938}
	EndGlobalSection
EndGlobal
